Microsoft Visual Studio Solution File, Format Version 12.00
# Visual Studio Version 17
VisualStudioVersion = 17.5.2.0
MinimumVisualStudioVersion = 10.0.40219.1
Project("{FAE04EC0-301F-11D3-BF4B-00C04F79EFBC}") = "TechStoreApi", "TechStoreApi.csproj", "{509A50AB-A465-5B90-7F71-025851171454}"
EndProject
Global
	GlobalSection(SolutionConfigurationPlatforms) = preSolution
		Debug|Any CPU = Debug|Any CPU
		Release|Any CPU = Release|Any CPU
	EndGlobalSection
	GlobalSection(ProjectConfigurationPlatforms) = postSolution
		{509A50AB-A465-5B90-7F71-025851171454}.Debug|Any CPU.ActiveCfg = Debug|Any CPU
		{509A50AB-A465-5B90-7F71-025851171454}.Debug|Any CPU.Build.0 = Debug|Any CPU
		{509A50AB-A465-5B90-7F71-025851171454}.Release|Any CPU.ActiveCfg = Release|Any CPU
		{509A50AB-A465-5B90-7F71-025851171454}.Release|Any CPU.Build.0 = Release|Any CPU
	EndGlobalSection
	GlobalSection(SolutionProperties) = preSolution
		HideSolutionNode = FALSE
	EndGlobalSection
	GlobalSection(ExtensibilityGlobals) = postSolution
		SolutionGuid = {F8E728D0-F59B-436D-A20E-7141FEDB13D7}
	EndGlobalSection
EndGlobal
